
Microsoft Visual Studio Solution File, Format Version 12.00
# Visual Studio Version 17
VisualStudioVersion = 17.9.34622.214
MinimumVisualStudioVersion = 10.0.40219.1
Project("{FAE04EC0-301F-11D3-BF4B-00C04F79EFBC}") = "_NotificationService", "_NotificationService.csproj", "{DA7976E8-6FE9-4E83-BE85-300609A6F81A}"
EndProject
Project("{9A19103F-16F7-4668-BE54-9A1E7A4F7556}") = "NotificationService.Core", "..\NotificationService.Core\NotificationService.Core.csproj", "{D2C3EEE2-5165-4591-83FC-54D16DB4A42E}"
EndProject
Project("{9A19103F-16F7-4668-BE54-9A1E7A4F7556}") = "NotificationService.Infrastructure", "..\NotificationService.Infrastructure\NotificationService.Infrastructure.csproj", "{CA46D142-09F2-4471-8D8E-B579793784B3}"
EndProject
Project("{9A19103F-16F7-4668-BE54-9A1E7A4F7556}") = "NotificationService.Test", "..\NotificationService.Test\NotificationService.Test.csproj", "{FDE79255-9C91-45ED-85AB-AD5691EA3920}"
EndProject
Global
	GlobalSection(SolutionConfigurationPlatforms) = preSolution
		Debug|Any CPU = Debug|Any CPU
		Release|Any CPU = Release|Any CPU
	EndGlobalSection
	GlobalSection(ProjectConfigurationPlatforms) = postSolution
		{DA7976E8-6FE9-4E83-BE85-300609A6F81A}.Debug|Any CPU.ActiveCfg = Debug|Any CPU
		{DA7976E8-6FE9-4E83-BE85-300609A6F81A}.Debug|Any CPU.Build.0 = Debug|Any CPU
		{DA7976E8-6FE9-4E83-BE85-300609A6F81A}.Release|Any CPU.ActiveCfg = Release|Any CPU
		{DA7976E8-6FE9-4E83-BE85-300609A6F81A}.Release|Any CPU.Build.0 = Release|Any CPU
		{D2C3EEE2-5165-4591-83FC-54D16DB4A42E}.Debug|Any CPU.ActiveCfg = Debug|Any CPU
		{D2C3EEE2-5165-4591-83FC-54D16DB4A42E}.Debug|Any CPU.Build.0 = Debug|Any CPU
		{D2C3EEE2-5165-4591-83FC-54D16DB4A42E}.Release|Any CPU.ActiveCfg = Release|Any CPU
		{D2C3EEE2-5165-4591-83FC-54D16DB4A42E}.Release|Any CPU.Build.0 = Release|Any CPU
		{CA46D142-09F2-4471-8D8E-B579793784B3}.Debug|Any CPU.ActiveCfg = Debug|Any CPU
		{CA46D142-09F2-4471-8D8E-B579793784B3}.Debug|Any CPU.Build.0 = Debug|Any CPU
		{CA46D142-09F2-4471-8D8E-B579793784B3}.Release|Any CPU.ActiveCfg = Release|Any CPU
		{CA46D142-09F2-4471-8D8E-B579793784B3}.Release|Any CPU.Build.0 = Release|Any CPU
		{FDE79255-9C91-45ED-85AB-AD5691EA3920}.Debug|Any CPU.ActiveCfg = Debug|Any CPU
		{FDE79255-9C91-45ED-85AB-AD5691EA3920}.Debug|Any CPU.Build.0 = Debug|Any CPU
		{FDE79255-9C91-45ED-85AB-AD5691EA3920}.Release|Any CPU.ActiveCfg = Release|Any CPU
		{FDE79255-9C91-45ED-85AB-AD5691EA3920}.Release|Any CPU.Build.0 = Release|Any CPU
	EndGlobalSection
	GlobalSection(SolutionProperties) = preSolution
		HideSolutionNode = FALSE
	EndGlobalSection
	GlobalSection(ExtensibilityGlobals) = postSolution
		SolutionGuid = {6FF81F8D-97F2-43A8-8CB7-ADCFC2EA3E9C}
	EndGlobalSection
EndGlobal
